
Microsoft Visual Studio Solution File, Format Version 12.00
# Visual Studio Version 16
VisualStudioVersion = 16.0.29709.97
MinimumVisualStudioVersion = 10.0.40219.1
Project("{9A19103F-16F7-4668-BE54-9A1E7A4F7556}") = "ch2_exercise4", "ch2_exercise4\ch2_exercise4.csproj", "{08966D8F-40CA-4E30-B744-DA6A54FC09EC}"
EndProject
Project("{9A19103F-16F7-4668-BE54-9A1E7A4F7556}") = "ch2_exercise10", "ch2_exercise10\ch2_exercise10.csproj", "{EAD46F88-4CA6-4487-B629-942EEF85D83D}"
EndProject
Project("{9A19103F-16F7-4668-BE54-9A1E7A4F7556}") = "ch2_exercise14", "ch2_exercise14\ch2_exercise14.csproj", "{8E1E0C6B-3C47-47C8-A004-31C617735340}"
EndProject
Project("{9A19103F-16F7-4668-BE54-9A1E7A4F7556}") = "ch2_exercise17", "ch2_exercise17\ch2_exercise17.csproj", "{7706AD48-9A74-48F7-A48C-C50934AB608B}"
EndProject
Project("{FAE04EC0-301F-11D3-BF4B-00C04F79EFBC}") = "ch2_exercise18", "ch2_exercise18\ch2_exercise18.csproj", "{8326F363-04E8-4C3B-87E5-060530D020E1}"
EndProject
Global
	GlobalSection(SolutionConfigurationPlatforms) = preSolution
		Debug|Any CPU = Debug|Any CPU
		Release|Any CPU = Release|Any CPU
	EndGlobalSection
	GlobalSection(ProjectConfigurationPlatforms) = postSolution
		{08966D8F-40CA-4E30-B744-DA6A54FC09EC}.Debug|Any CPU.ActiveCfg = Debug|Any CPU
		{08966D8F-40CA-4E30-B744-DA6A54FC09EC}.Debug|Any CPU.Build.0 = Debug|Any CPU
		{08966D8F-40CA-4E30-B744-DA6A54FC09EC}.Release|Any CPU.ActiveCfg = Release|Any CPU
		{08966D8F-40CA-4E30-B744-DA6A54FC09EC}.Release|Any CPU.Build.0 = Release|Any CPU
		{EAD46F88-4CA6-4487-B629-942EEF85D83D}.Debug|Any CPU.ActiveCfg = Debug|Any CPU
		{EAD46F88-4CA6-4487-B629-942EEF85D83D}.Debug|Any CPU.Build.0 = Debug|Any CPU
		{EAD46F88-4CA6-4487-B629-942EEF85D83D}.Release|Any CPU.ActiveCfg = Release|Any CPU
		{EAD46F88-4CA6-4487-B629-942EEF85D83D}.Release|Any CPU.Build.0 = Release|Any CPU
		{8E1E0C6B-3C47-47C8-A004-31C617735340}.Debug|Any CPU.ActiveCfg = Debug|Any CPU
		{8E1E0C6B-3C47-47C8-A004-31C617735340}.Debug|Any CPU.Build.0 = Debug|Any CPU
		{8E1E0C6B-3C47-47C8-A004-31C617735340}.Release|Any CPU.ActiveCfg = Release|Any CPU
		{8E1E0C6B-3C47-47C8-A004-31C617735340}.Release|Any CPU.Build.0 = Release|Any CPU
		{7706AD48-9A74-48F7-A48C-C50934AB608B}.Debug|Any CPU.ActiveCfg = Debug|Any CPU
		{7706AD48-9A74-48F7-A48C-C50934AB608B}.Debug|Any CPU.Build.0 = Debug|Any CPU
		{7706AD48-9A74-48F7-A48C-C50934AB608B}.Release|Any CPU.ActiveCfg = Release|Any CPU
		{7706AD48-9A74-48F7-A48C-C50934AB608B}.Release|Any CPU.Build.0 = Release|Any CPU
		{8326F363-04E8-4C3B-87E5-060530D020E1}.Debug|Any CPU.ActiveCfg = Debug|Any CPU
		{8326F363-04E8-4C3B-87E5-060530D020E1}.Debug|Any CPU.Build.0 = Debug|Any CPU
		{8326F363-04E8-4C3B-87E5-060530D020E1}.Release|Any CPU.ActiveCfg = Release|Any CPU
		{8326F363-04E8-4C3B-87E5-060530D020E1}.Release|Any CPU.Build.0 = Release|Any CPU
	EndGlobalSection
	GlobalSection(SolutionProperties) = preSolution
		HideSolutionNode = FALSE
	EndGlobalSection
	GlobalSection(ExtensibilityGlobals) = postSolution
		SolutionGuid = {4C750148-98D1-47FA-9B39-04D14B0CBC57}
	EndGlobalSection
EndGlobal
