
Microsoft Visual Studio Solution File, Format Version 12.00
# Visual Studio Version 16
VisualStudioVersion = 16.0.29709.97
MinimumVisualStudioVersion = 10.0.40219.1
Project("{FAE04EC0-301F-11D3-BF4B-00C04F79EFBC}") = "TextEditor", "TextEditor\TextEditor.csproj", "{423394D1-939A-4BF6-982A-A8A24AE96CEF}"
EndProject
Global
	GlobalSection(SolutionConfigurationPlatforms) = preSolution
		Debug|Any CPU = Debug|Any CPU
		Release|Any CPU = Release|Any CPU
	EndGlobalSection
	GlobalSection(ProjectConfigurationPlatforms) = postSolution
		{423394D1-939A-4BF6-982A-A8A24AE96CEF}.Debug|Any CPU.ActiveCfg = Debug|Any CPU
		{423394D1-939A-4BF6-982A-A8A24AE96CEF}.Debug|Any CPU.Build.0 = Debug|Any CPU
		{423394D1-939A-4BF6-982A-A8A24AE96CEF}.Release|Any CPU.ActiveCfg = Release|Any CPU
		{423394D1-939A-4BF6-982A-A8A24AE96CEF}.Release|Any CPU.Build.0 = Release|Any CPU
	EndGlobalSection
	GlobalSection(SolutionProperties) = preSolution
		HideSolutionNode = FALSE
	EndGlobalSection
	GlobalSection(ExtensibilityGlobals) = postSolution
		SolutionGuid = {D1BCA8E9-BC35-4DDC-B1CB-3012450DE050}
	EndGlobalSection
EndGlobal
