
Microsoft Visual Studio Solution File, Format Version 12.00
# Visual Studio Version 16
VisualStudioVersion = 16.0.29709.97
MinimumVisualStudioVersion = 10.0.40219.1
Project("{FAE04EC0-301F-11D3-BF4B-00C04F79EFBC}") = "DemoVariables2", "DemoVariables2\DemoVariables2.csproj", "{EC4C9269-47EE-4F52-96AB-2C2C29965699}"
EndProject
Project("{9A19103F-16F7-4668-BE54-9A1E7A4F7556}") = "DemoVariables", "DemoVariables\DemoVariables.csproj", "{D7D5C52C-75C5-4658-BEE9-E4DD19F3954C}"
EndProject
Project("{FAE04EC0-301F-11D3-BF4B-00C04F79EFBC}") = "DemoVariables3", "DemoVariables3\DemoVariables3.csproj", "{8E0D2374-6548-4F60-A0E9-C3872A079334}"
EndProject
Project("{FAE04EC0-301F-11D3-BF4B-00C04F79EFBC}") = "DemoEscapeSequences", "DemoEscapeSequences\DemoEscapeSequences.csproj", "{76698206-86E1-47D0-A724-061A9BC3C3A4}"
EndProject
Project("{FAE04EC0-301F-11D3-BF4B-00C04F79EFBC}") = "InteractiveAddition", "InteractiveAddition\InteractiveAddition.csproj", "{4F1DD986-C4FE-4C0F-A02D-48F33E1826DA}"
EndProject
Global
	GlobalSection(SolutionConfigurationPlatforms) = preSolution
		Debug|Any CPU = Debug|Any CPU
		Release|Any CPU = Release|Any CPU
	EndGlobalSection
	GlobalSection(ProjectConfigurationPlatforms) = postSolution
		{EC4C9269-47EE-4F52-96AB-2C2C29965699}.Debug|Any CPU.ActiveCfg = Debug|Any CPU
		{EC4C9269-47EE-4F52-96AB-2C2C29965699}.Debug|Any CPU.Build.0 = Debug|Any CPU
		{EC4C9269-47EE-4F52-96AB-2C2C29965699}.Release|Any CPU.ActiveCfg = Release|Any CPU
		{EC4C9269-47EE-4F52-96AB-2C2C29965699}.Release|Any CPU.Build.0 = Release|Any CPU
		{D7D5C52C-75C5-4658-BEE9-E4DD19F3954C}.Debug|Any CPU.ActiveCfg = Debug|Any CPU
		{D7D5C52C-75C5-4658-BEE9-E4DD19F3954C}.Debug|Any CPU.Build.0 = Debug|Any CPU
		{D7D5C52C-75C5-4658-BEE9-E4DD19F3954C}.Release|Any CPU.ActiveCfg = Release|Any CPU
		{D7D5C52C-75C5-4658-BEE9-E4DD19F3954C}.Release|Any CPU.Build.0 = Release|Any CPU
		{8E0D2374-6548-4F60-A0E9-C3872A079334}.Debug|Any CPU.ActiveCfg = Debug|Any CPU
		{8E0D2374-6548-4F60-A0E9-C3872A079334}.Debug|Any CPU.Build.0 = Debug|Any CPU
		{8E0D2374-6548-4F60-A0E9-C3872A079334}.Release|Any CPU.ActiveCfg = Release|Any CPU
		{8E0D2374-6548-4F60-A0E9-C3872A079334}.Release|Any CPU.Build.0 = Release|Any CPU
		{76698206-86E1-47D0-A724-061A9BC3C3A4}.Debug|Any CPU.ActiveCfg = Debug|Any CPU
		{76698206-86E1-47D0-A724-061A9BC3C3A4}.Debug|Any CPU.Build.0 = Debug|Any CPU
		{76698206-86E1-47D0-A724-061A9BC3C3A4}.Release|Any CPU.ActiveCfg = Release|Any CPU
		{76698206-86E1-47D0-A724-061A9BC3C3A4}.Release|Any CPU.Build.0 = Release|Any CPU
		{4F1DD986-C4FE-4C0F-A02D-48F33E1826DA}.Debug|Any CPU.ActiveCfg = Debug|Any CPU
		{4F1DD986-C4FE-4C0F-A02D-48F33E1826DA}.Debug|Any CPU.Build.0 = Debug|Any CPU
		{4F1DD986-C4FE-4C0F-A02D-48F33E1826DA}.Release|Any CPU.ActiveCfg = Release|Any CPU
		{4F1DD986-C4FE-4C0F-A02D-48F33E1826DA}.Release|Any CPU.Build.0 = Release|Any CPU
	EndGlobalSection
	GlobalSection(SolutionProperties) = preSolution
		HideSolutionNode = FALSE
	EndGlobalSection
	GlobalSection(ExtensibilityGlobals) = postSolution
		SolutionGuid = {2071C7A8-4FC1-41D5-B815-D855E67C168A}
	EndGlobalSection
EndGlobal
