
Microsoft Visual Studio Solution File, Format Version 12.00
# Visual Studio Version 16
VisualStudioVersion = 16.0.29709.97
MinimumVisualStudioVersion = 10.0.40219.1
Project("{9A19103F-16F7-4668-BE54-9A1E7A4F7556}") = "DemoEscapeSequences", "DemoEscapeSequences\DemoEscapeSequences.csproj", "{8885BA7D-6762-40B2-A658-AA90FA3C3005}"
EndProject
Project("{9A19103F-16F7-4668-BE54-9A1E7A4F7556}") = "DemoVariables", "DemoVariables\DemoVariables.csproj", "{DA48638C-57C4-45DD-89A6-7C0151A51EEB}"
EndProject
Project("{9A19103F-16F7-4668-BE54-9A1E7A4F7556}") = "DemoVariables2", "DemoVariables2\DemoVariables2.csproj", "{1432150E-E85C-4479-A5DC-C159E3E3B6E6}"
EndProject
Project("{9A19103F-16F7-4668-BE54-9A1E7A4F7556}") = "DemoVariables3", "DemoVariables3\DemoVariables3.csproj", "{E86F65A7-2322-40C2-97AA-03304A0B355D}"
EndProject
Project("{9A19103F-16F7-4668-BE54-9A1E7A4F7556}") = "InteractiveAddition", "InteractiveAddition\InteractiveAddition.csproj", "{ECE9565C-BD3D-46E3-AC48-638A50054B78}"
EndProject
Global
	GlobalSection(SolutionConfigurationPlatforms) = preSolution
		Debug|Any CPU = Debug|Any CPU
		Release|Any CPU = Release|Any CPU
	EndGlobalSection
	GlobalSection(ProjectConfigurationPlatforms) = postSolution
		{8885BA7D-6762-40B2-A658-AA90FA3C3005}.Debug|Any CPU.ActiveCfg = Debug|Any CPU
		{8885BA7D-6762-40B2-A658-AA90FA3C3005}.Debug|Any CPU.Build.0 = Debug|Any CPU
		{8885BA7D-6762-40B2-A658-AA90FA3C3005}.Release|Any CPU.ActiveCfg = Release|Any CPU
		{8885BA7D-6762-40B2-A658-AA90FA3C3005}.Release|Any CPU.Build.0 = Release|Any CPU
		{DA48638C-57C4-45DD-89A6-7C0151A51EEB}.Debug|Any CPU.ActiveCfg = Debug|Any CPU
		{DA48638C-57C4-45DD-89A6-7C0151A51EEB}.Debug|Any CPU.Build.0 = Debug|Any CPU
		{DA48638C-57C4-45DD-89A6-7C0151A51EEB}.Release|Any CPU.ActiveCfg = Release|Any CPU
		{DA48638C-57C4-45DD-89A6-7C0151A51EEB}.Release|Any CPU.Build.0 = Release|Any CPU
		{1432150E-E85C-4479-A5DC-C159E3E3B6E6}.Debug|Any CPU.ActiveCfg = Debug|Any CPU
		{1432150E-E85C-4479-A5DC-C159E3E3B6E6}.Debug|Any CPU.Build.0 = Debug|Any CPU
		{1432150E-E85C-4479-A5DC-C159E3E3B6E6}.Release|Any CPU.ActiveCfg = Release|Any CPU
		{1432150E-E85C-4479-A5DC-C159E3E3B6E6}.Release|Any CPU.Build.0 = Release|Any CPU
		{E86F65A7-2322-40C2-97AA-03304A0B355D}.Debug|Any CPU.ActiveCfg = Debug|Any CPU
		{E86F65A7-2322-40C2-97AA-03304A0B355D}.Debug|Any CPU.Build.0 = Debug|Any CPU
		{E86F65A7-2322-40C2-97AA-03304A0B355D}.Release|Any CPU.ActiveCfg = Release|Any CPU
		{E86F65A7-2322-40C2-97AA-03304A0B355D}.Release|Any CPU.Build.0 = Release|Any CPU
		{ECE9565C-BD3D-46E3-AC48-638A50054B78}.Debug|Any CPU.ActiveCfg = Debug|Any CPU
		{ECE9565C-BD3D-46E3-AC48-638A50054B78}.Debug|Any CPU.Build.0 = Debug|Any CPU
		{ECE9565C-BD3D-46E3-AC48-638A50054B78}.Release|Any CPU.ActiveCfg = Release|Any CPU
		{ECE9565C-BD3D-46E3-AC48-638A50054B78}.Release|Any CPU.Build.0 = Release|Any CPU
	EndGlobalSection
	GlobalSection(SolutionProperties) = preSolution
		HideSolutionNode = FALSE
	EndGlobalSection
	GlobalSection(ExtensibilityGlobals) = postSolution
		SolutionGuid = {2A2A482C-A22A-4817-8B04-5780CC55157F}
	EndGlobalSection
EndGlobal
